
Microsoft Visual Studio Solution File, Format Version 12.00
# Visual Studio 15
VisualStudioVersion = 15.0.27130.2036
MinimumVisualStudioVersion = 10.0.40219.1
Project("{FAE04EC0-301F-11D3-BF4B-00C04F79EFBC}") = "Day 1", "Day 1\Day 1.csproj", "{51CCD155-48C4-4F70-AFDF-9A6FCC92FD04}"
EndProject
Global
	GlobalSection(SolutionConfigurationPlatforms) = preSolution
		Debug|Any CPU = Debug|Any CPU
		Release|Any CPU = Release|Any CPU
	EndGlobalSection
	GlobalSection(ProjectConfigurationPlatforms) = postSolution
		{51CCD155-48C4-4F70-AFDF-9A6FCC92FD04}.Debug|Any CPU.ActiveCfg = Debug|Any CPU
		{51CCD155-48C4-4F70-AFDF-9A6FCC92FD04}.Debug|Any CPU.Build.0 = Debug|Any CPU
		{51CCD155-48C4-4F70-AFDF-9A6FCC92FD04}.Release|Any CPU.ActiveCfg = Release|Any CPU
		{51CCD155-48C4-4F70-AFDF-9A6FCC92FD04}.Release|Any CPU.Build.0 = Release|Any CPU
	EndGlobalSection
	GlobalSection(SolutionProperties) = preSolution
		HideSolutionNode = FALSE
	EndGlobalSection
	GlobalSection(ExtensibilityGlobals) = postSolution
		SolutionGuid = {6DB57B26-8075-42C4-A258-8D62A926855E}
	EndGlobalSection
EndGlobal
